// !$*UTF8*$!
{
	archiveVersion = 1;
	classes = {
	};
	objectVersion = 46;
	objects = {

/* Begin PBXBuildFile section */
		981B8CB2F697843E0C7CD2FC /* libPods-Braintreetry.a in Frameworks */ = {isa = PBXBuildFile; fileRef = 968E7ED87B5F0818DFF3FA24 /* libPods-Braintreetry.a */; };
		AD58256F1AA6886D002EB3F5 /* main.m in Sources */ = {isa = PBXBuildFile; fileRef = AD58256E1AA6886D002EB3F5 /* main.m */; };
		AD5825721AA6886D002EB3F5 /* AppDelegate.m in Sources */ = {isa = PBXBuildFile; fileRef = AD5825711AA6886D002EB3F5 /* AppDelegate.m */; };
		AD5825751AA6886D002EB3F5 /* ViewController.m in Sources */ = {isa = PBXBuildFile; fileRef = AD5825741AA6886D002EB3F5 /* ViewController.m */; };
		AD5825781AA6886D002EB3F5 /* Main.storyboard in Resources */ = {isa = PBXBuildFile; fileRef = AD5825761AA6886D002EB3F5 /* Main.storyboard */; };
		AD58257A1AA6886D002EB3F5 /* Images.xcassets in Resources */ = {isa = PBXBuildFile; fileRef = AD5825791AA6886D002EB3F5 /* Images.xcassets */; };
		AD58257D1AA6886D002EB3F5 /* LaunchScreen.xib in Resources */ = {isa = PBXBuildFile; fileRef = AD58257B1AA6886D002EB3F5 /* LaunchScreen.xib */; };
		AD5825891AA6886D002EB3F5 /* BraintreetryTests.m in Sources */ = {isa = PBXBuildFile; fileRef = AD5825881AA6886D002EB3F5 /* BraintreetryTests.m */; };
/* End PBXBuildFile section */

/* Begin PBXContainerItemProxy section */
		AD5825831AA6886D002EB3F5 /* PBXContainerItemProxy */ = {
			isa = PBXContainerItemProxy;
			containerPortal = AD5825611AA6886D002EB3F5 /* Project object */;
			proxyType = 1;
			remoteGlobalIDString = AD5825681AA6886D002EB3F5;
			remoteInfo = Braintreetry;
		};
/* End PBXContainerItemProxy section */

/* Begin PBXFileReference section */
		044451088F6B024C5E4E4C64 /* Pods-Braintreetry.release.xcconfig */ = {isa = PBXFileReference; includeInIndex = 1; lastKnownFileType = text.xcconfig; name = "Pods-Braintreetry.release.xcconfig"; path = "Pods/Target Support Files/Pods-Braintreetry/Pods-Braintreetry.release.xcconfig"; sourceTree = "<group>"; };
		968E7ED87B5F0818DFF3FA24 /* libPods-Braintreetry.a */ = {isa = PBXFileReference; explicitFileType = archive.ar; includeInIndex = 0; path = "libPods-Braintreetry.a"; sourceTree = BUILT_PRODUCTS_DIR; };
		AD5825691AA6886D002EB3F5 /* Braintreetry.app */ = {isa = PBXFileReference; explicitFileType = wrapper.application; includeInIndex = 0; path = Braintreetry.app; sourceTree = BUILT_PRODUCTS_DIR; };
		AD58256D1AA6886D002EB3F5 /* Info.plist */ = {isa = PBXFileReference; lastKnownFileType = text.plist.xml; path = Info.plist; sourceTree = "<group>"; };
		AD58256E1AA6886D002EB3F5 /* main.m */ = {isa = PBXFileReference; lastKnownFileType = sourcecode.c.objc; path = main.m; sourceTree = "<group>"; };
		AD5825701AA6886D002EB3F5 /* AppDelegate.h */ = {isa = PBXFileReference; lastKnownFileType = sourcecode.c.h; path = AppDelegate.h; sourceTree = "<group>"; };
		AD5825711AA6886D002EB3F5 /* AppDelegate.m */ = {isa = PBXFileReference; lastKnownFileType = sourcecode.c.objc; path = AppDelegate.m; sourceTree = "<group>"; };
		AD5825731AA6886D002EB3F5 /* ViewController.h */ = {isa = PBXFileReference; lastKnownFileType = sourcecode.c.h; path = ViewController.h; sourceTree = "<group>"; };
		AD5825741AA6886D002EB3F5 /* ViewController.m */ = {isa = PBXFileReference; lastKnownFileType = sourcecode.c.objc; path = ViewController.m; sourceTree = "<group>"; };
		AD5825771AA6886D002EB3F5 /* Base */ = {isa = PBXFileReference; lastKnownFileType = file.storyboard; name = Base; path = Base.lproj/Main.storyboard; sourceTree = "<group>"; };
		AD5825791AA6886D002EB3F5 /* Images.xcassets */ = {isa = PBXFileReference; lastKnownFileType = folder.assetcatalog; path = Images.xcassets; sourceTree = "<group>"; };
		AD58257C1AA6886D002EB3F5 /* Base */ = {isa = PBXFileReference; lastKnownFileType = file.xib; name = Base; path = Base.lproj/LaunchScreen.xib; sourceTree = "<group>"; };
		AD5825821AA6886D002EB3F5 /* BraintreetryTests.xctest */ = {isa = PBXFileReference; explicitFileType = wrapper.cfbundle; includeInIndex = 0; path = BraintreetryTests.xctest; sourceTree = BUILT_PRODUCTS_DIR; };
		AD5825871AA6886D002EB3F5 /* Info.plist */ = {isa = PBXFileReference; lastKnownFileType = text.plist.xml; path = Info.plist; sourceTree = "<group>"; };
		AD5825881AA6886D002EB3F5 /* BraintreetryTests.m */ = {isa = PBXFileReference; lastKnownFileType = sourcecode.c.objc; path = BraintreetryTests.m; sourceTree = "<group>"; };
		F35067464E8A60D62ED34942 /* Pods-Braintreetry.debug.xcconfig */ = {isa = PBXFileReference; includeInIndex = 1; lastKnownFileType = text.xcconfig; name = "Pods-Braintreetry.debug.xcconfig"; path = "Pods/Target Support Files/Pods-Braintreetry/Pods-Braintreetry.debug.xcconfig"; sourceTree = "<group>"; };
/* End PBXFileReference section */

/* Begin PBXFrameworksBuildPhase section */
		AD5825661AA6886D002EB3F5 /* Frameworks */ = {
			isa = PBXFrameworksBuildPhase;
			buildActionMask = 2147483647;
			files = (
				981B8CB2F697843E0C7CD2FC /* libPods-Braintreetry.a in Frameworks */,
			);
			runOnlyForDeploymentPostprocessing = 0;
		};
		AD58257F1AA6886D002EB3F5 /* Frameworks */ = {
			isa = PBXFrameworksBuildPhase;
			buildActionMask = 2147483647;
			files = (
			);
			runOnlyForDeploymentPostprocessing = 0;
		};
/* End PBXFrameworksBuildPhase section */

/* Begin PBXGroup section */
		18C479EBB01DEF13926CF323 /* Frameworks */ = {
			isa = PBXGroup;
			children = (
				968E7ED87B5F0818DFF3FA24 /* libPods-Braintreetry.a */,
			);
			name = Frameworks;
			sourceTree = "<group>";
		};
		AD5825601AA6886D002EB3F5 = {
			isa = PBXGroup;
			children = (
				AD58256B1AA6886D002EB3F5 /* Braintreetry */,
				AD5825851AA6886D002EB3F5 /* BraintreetryTests */,
				AD58256A1AA6886D002EB3F5 /* Products */,
				CD32ECD5B04C58FE3C828977 /* Pods */,
				18C479EBB01DEF13926CF323 /* Frameworks */,
			);
			sourceTree = "<group>";
		};
		AD58256A1AA6886D002EB3F5 /* Products */ = {
			isa = PBXGroup;
			children = (
				AD5825691AA6886D002EB3F5 /* Braintreetry.app */,
				AD5825821AA6886D002EB3F5 /* BraintreetryTests.xctest */,
			);
			name = Products;
			sourceTree = "<group>";
		};
		AD58256B1AA6886D002EB3F5 /* Braintreetry */ = {
			isa = PBXGroup;
			children = (
				AD5825701AA6886D002EB3F5 /* AppDelegate.h */,
				AD5825711AA6886D002EB3F5 /* AppDelegate.m */,
				AD5825731AA6886D002EB3F5 /* ViewController.h */,
				AD5825741AA6886D002EB3F5 /* ViewController.m */,
				AD5825761AA6886D002EB3F5 /* Main.storyboard */,
				AD5825791AA6886D002EB3F5 /* Images.xcassets */,
				AD58257B1AA6886D002EB3F5 /* LaunchScreen.xib */,
				AD58256C1AA6886D002EB3F5 /* Supporting Files */,
			);
			path = Braintreetry;
			sourceTree = "<group>";
		};
		AD58256C1AA6886D002EB3F5 /* Supporting Files */ = {
			isa = PBXGroup;
			children = (
				AD58256D1AA6886D002EB3F5 /* Info.plist */,
				AD58256E1AA6886D002EB3F5 /* main.m */,
			);
			name = "Supporting Files";
			sourceTree = "<group>";
		};
		AD5825851AA6886D002EB3F5 /* BraintreetryTests */ = {
			isa = PBXGroup;
			children = (
				AD5825881AA6886D002EB3F5 /* BraintreetryTests.m */,
				AD5825861AA6886D002EB3F5 /* Supporting Files */,
			);
			path = BraintreetryTests;
			sourceTree = "<group>";
		};
		AD5825861AA6886D002EB3F5 /* Supporting Files */ = {
			isa = PBXGroup;
			children = (
				AD5825871AA6886D002EB3F5 /* Info.plist */,
			);
			name = "Supporting Files";
			sourceTree = "<group>";
		};
		CD32ECD5B04C58FE3C828977 /* Pods */ = {
			isa = PBXGroup;
			children = (
				F35067464E8A60D62ED34942 /* Pods-Braintreetry.debug.xcconfig */,
				044451088F6B024C5E4E4C64 /* Pods-Braintreetry.release.xcconfig */,
			);
			name = Pods;
			sourceTree = "<group>";
		};
/* End PBXGroup section */

/* Begin PBXNativeTarget section */
		AD5825681AA6886D002EB3F5 /* Braintreetry */ = {
			isa = PBXNativeTarget;
			buildConfigurationList = AD58258C1AA6886D002EB3F5 /* Build configuration list for PBXNativeTarget "Braintreetry" */;
			buildPhases = (
				6EAA1672BAF4C828C33F7AD0 /* Check Pods Manifest.lock */,
				AD5825651AA6886D002EB3F5 /* Sources */,
				AD5825661AA6886D002EB3F5 /* Frameworks */,
				AD5825671AA6886D002EB3F5 /* Resources */,
				EA66361F498D8FA62AD67C14 /* Copy Pods Resources */,
			);
			buildRules = (
			);
			dependencies = (
			);
			name = Braintreetry;
			productName = Braintreetry;
			productReference = AD5825691AA6886D002EB3F5 /* Braintreetry.app */;
			productType = "com.apple.product-type.application";
		};
		AD5825811AA6886D002EB3F5 /* BraintreetryTests */ = {
			isa = PBXNativeTarget;
			buildConfigurationList = AD58258F1AA6886D002EB3F5 /* Build configuration list for PBXNativeTarget "BraintreetryTests" */;
			buildPhases = (
				AD58257E1AA6886D002EB3F5 /* Sources */,
				AD58257F1AA6886D002EB3F5 /* Frameworks */,
				AD5825801AA6886D002EB3F5 /* Resources */,
			);
			buildRules = (
			);
			dependencies = (
				AD5825841AA6886D002EB3F5 /* PBXTargetDependency */,
			);
			name = BraintreetryTests;
			productName = BraintreetryTests;
			productReference = AD5825821AA6886D002EB3F5 /* BraintreetryTests.xctest */;
			productType = "com.apple.product-type.bundle.unit-test";
		};
/* End PBXNativeTarget section */

/* Begin PBXProject section */
		AD5825611AA6886D002EB3F5 /* Project object */ = {
			isa = PBXProject;
			attributes = {
				LastUpgradeCheck = 0610;
				ORGANIZATIONNAME = "Lakshay Rastogi";
				TargetAttributes = {
					AD5825681AA6886D002EB3F5 = {
						CreatedOnToolsVersion = 6.1.1;
					};
					AD5825811AA6886D002EB3F5 = {
						CreatedOnToolsVersion = 6.1.1;
						TestTargetID = AD5825681AA6886D002EB3F5;
					};
				};
			};
			buildConfigurationList = AD5825641AA6886D002EB3F5 /* Build configuration list for PBXProject "Braintreetry" */;
			compatibilityVersion = "Xcode 3.2";
			developmentRegion = English;
			hasScannedForEncodings = 0;
			knownRegions = (
				en,
				Base,
			);
			mainGroup = AD5825601AA6886D002EB3F5;
			productRefGroup = AD58256A1AA6886D002EB3F5 /* Products */;
			projectDirPath = "";
			projectRoot = "";
			targets = (
				AD5825681AA6886D002EB3F5 /* Braintreetry */,
				AD5825811AA6886D002EB3F5 /* BraintreetryTests */,
			);
		};
/* End PBXProject section */

/* Begin PBXResourcesBuildPhase section */
		AD5825671AA6886D002EB3F5 /* Resources */ = {
			isa = PBXResourcesBuildPhase;
			buildActionMask = 2147483647;
			files = (
				AD5825781AA6886D002EB3F5 /* Main.storyboard in Resources */,
				AD58257D1AA6886D002EB3F5 /* LaunchScreen.xib in Resources */,
				AD58257A1AA6886D002EB3F5 /* Images.xcassets in Resources */,
			);
			runOnlyForDeploymentPostprocessing = 0;
		};
		AD5825801AA6886D002EB3F5 /* Resources */ = {
			isa = PBXResourcesBuildPhase;
			buildActionMask = 2147483647;
			files = (
			);
			runOnlyForDeploymentPostprocessing = 0;
		};
/* End PBXResourcesBuildPhase section */

/* Begin PBXShellScriptBuildPhase section */
		6EAA1672BAF4C828C33F7AD0 /* Check Pods Manifest.lock */ = {
			isa = PBXShellScriptBuildPhase;
			buildActionMask = 2147483647;
			files = (
			);
			inputPaths = (
			);
			name = "Check Pods Manifest.lock";
			outputPaths = (
			);
			runOnlyForDeploymentPostprocessing = 0;
			shellPath = /bin/sh;
			shellScript = "diff \"${PODS_ROOT}/../Podfile.lock\" \"${PODS_ROOT}/Manifest.lock\" > /dev/null\nif [[ $? != 0 ]] ; then\n    cat << EOM\nerror: The sandbox is not in sync with the Podfile.lock. Run 'pod install' or update your CocoaPods installation.\nEOM\n    exit 1\nfi\n";
			showEnvVarsInLog = 0;
		};
		EA66361F498D8FA62AD67C14 /* Copy Pods Resources */ = {
			isa = PBXShellScriptBuildPhase;
			buildActionMask = 2147483647;
			files = (
			);
			inputPaths = (
			);
			name = "Copy Pods Resources";
			outputPaths = (
			);
			runOnlyForDeploymentPostprocessing = 0;
			shellPath = /bin/sh;
			shellScript = "\"${SRCROOT}/Pods/Target Support Files/Pods-Braintreetry/Pods-Braintreetry-resources.sh\"\n";
			showEnvVarsInLog = 0;
		};
/* End PBXShellScriptBuildPhase section */

/* Begin PBXSourcesBuildPhase section */
		AD5825651AA6886D002EB3F5 /* Sources */ = {
			isa = PBXSourcesBuildPhase;
			buildActionMask = 2147483647;
			files = (
				AD5825751AA6886D002EB3F5 /* ViewController.m in Sources */,
				AD5825721AA6886D002EB3F5 /* AppDelegate.m in Sources */,
				AD58256F1AA6886D002EB3F5 /* main.m in Sources */,
			);
			runOnlyForDeploymentPostprocessing = 0;
		};
		AD58257E1AA6886D002EB3F5 /* Sources */ = {
			isa = PBXSourcesBuildPhase;
			buildActionMask = 2147483647;
			files = (
				AD5825891AA6886D002EB3F5 /* BraintreetryTests.m in Sources */,
			);
			runOnlyForDeploymentPostprocessing = 0;
		};
/* End PBXSourcesBuildPhase section */

/* Begin PBXTargetDependency section */
		AD5825841AA6886D002EB3F5 /* PBXTargetDependency */ = {
			isa = PBXTargetDependency;
			target = AD5825681AA6886D002EB3F5 /* Braintreetry */;
			targetProxy = AD5825831AA6886D002EB3F5 /* PBXContainerItemProxy */;
		};
/* End PBXTargetDependency section */

/* Begin PBXVariantGroup section */
		AD5825761AA6886D002EB3F5 /* Main.storyboard */ = {
			isa = PBXVariantGroup;
			children = (
				AD5825771AA6886D002EB3F5 /* Base */,
			);
			name = Main.storyboard;
			sourceTree = "<group>";
		};
		AD58257B1AA6886D002EB3F5 /* LaunchScreen.xib */ = {
			isa = PBXVariantGroup;
			children = (
				AD58257C1AA6886D002EB3F5 /* Base */,
			);
			name = LaunchScreen.xib;
			sourceTree = "<group>";
		};
/* End PBXVariantGroup section */

/* Begin XCBuildConfiguration section */
		AD58258A1AA6886D002EB3F5 /* Debug */ = {
			isa = XCBuildConfiguration;
			buildSettings = {
				ALWAYS_SEARCH_USER_PATHS = NO;
				CLANG_CXX_LANGUAGE_STANDARD = "gnu++0x";
				CLANG_CXX_LIBRARY = "libc++";
				CLANG_ENABLE_MODULES = YES;
				CLANG_ENABLE_OBJC_ARC = YES;
				CLANG_WARN_BOOL_CONVERSION = YES;
				CLANG_WARN_CONSTANT_CONVERSION = YES;
				CLANG_WARN_DIRECT_OBJC_ISA_USAGE = YES_ERROR;
				CLANG_WARN_EMPTY_BODY = YES;
				CLANG_WARN_ENUM_CONVERSION = YES;
				CLANG_WARN_INT_CONVERSION = YES;
				CLANG_WARN_OBJC_ROOT_CLASS = YES_ERROR;
				CLANG_WARN_UNREACHABLE_CODE = YES;
				CLANG_WARN__DUPLICATE_METHOD_MATCH = YES;
				"CODE_SIGN_IDENTITY[sdk=iphoneos*]" = "iPhone Developer";
				COPY_PHASE_STRIP = NO;
				ENABLE_STRICT_OBJC_MSGSEND = YES;
				GCC_C_LANGUAGE_STANDARD = gnu99;
				GCC_DYNAMIC_NO_PIC = NO;
				GCC_OPTIMIZATION_LEVEL = 0;
				GCC_PREPROCESSOR_DEFINITIONS = (
					"DEBUG=1",
					"$(inherited)",
				);
				GCC_SYMBOLS_PRIVATE_EXTERN = NO;
				GCC_WARN_64_TO_32_BIT_CONVERSION = YES;
				GCC_WARN_ABOUT_RETURN_TYPE = YES_ERROR;
				GCC_WARN_UNDECLARED_SELECTOR = YES;
				GCC_WARN_UNINITIALIZED_AUTOS = YES_AGGRESSIVE;
				GCC_WARN_UNUSED_FUNCTION = YES;
				GCC_WARN_UNUSED_VARIABLE = YES;
				IPHONEOS_DEPLOYMENT_TARGET = 8.1;
				MTL_ENABLE_DEBUG_INFO = YES;
				ONLY_ACTIVE_ARCH = YES;
				SDKROOT = iphoneos;
			};
			name = Debug;
		};
		AD58258B1AA6886D002EB3F5 /* Release */ = {
			isa = XCBuildConfiguration;
			buildSettings = {
				ALWAYS_SEARCH_USER_PATHS = NO;
				CLANG_CXX_LANGUAGE_STANDARD = "gnu++0x";
				CLANG_CXX_LIBRARY = "libc++";
				CLANG_ENABLE_MODULES = YES;
				CLANG_ENABLE_OBJC_ARC = YES;
				CLANG_WARN_BOOL_CONVERSION = YES;
				CLANG_WARN_CONSTANT_CONVERSION = YES;
				CLANG_WARN_DIRECT_OBJC_ISA_USAGE = YES_ERROR;
				CLANG_WARN_EMPTY_BODY = YES;
				CLANG_WARN_ENUM_CONVERSION = YES;
				CLANG_WARN_INT_CONVERSION = YES;
				CLANG_WARN_OBJC_ROOT_CLASS = YES_ERROR;
				CLANG_WARN_UNREACHABLE_CODE = YES;
				CLANG_WARN__DUPLICATE_METHOD_MATCH = YES;
				"CODE_SIGN_IDENTITY[sdk=iphoneos*]" = "iPhone Developer";
				COPY_PHASE_STRIP = YES;
				ENABLE_NS_ASSERTIONS = NO;
				ENABLE_STRICT_OBJC_MSGSEND = YES;
				GCC_C_LANGUAGE_STANDARD = gnu99;
				GCC_WARN_64_TO_32_BIT_CONVERSION = YES;
				GCC_WARN_ABOUT_RETURN_TYPE = YES_ERROR;
				GCC_WARN_UNDECLARED_SELECTOR = YES;
				GCC_WARN_UNINITIALIZED_AUTOS = YES_AGGRESSIVE;
				GCC_WARN_UNUSED_FUNCTION = YES;
				GCC_WARN_UNUSED_VARIABLE = YES;
				IPHONEOS_DEPLOYMENT_TARGET = 8.1;
				MTL_ENABLE_DEBUG_INFO = NO;
				SDKROOT = iphoneos;
				VALIDATE_PRODUCT = YES;
			};
			name = Release;
		};
		AD58258D1AA6886D002EB3F5 /* Debug */ = {
			isa = XCBuildConfiguration;
			baseConfigurationReference = F35067464E8A60D62ED34942 /* Pods-Braintreetry.debug.xcconfig */;
			buildSettings = {
				ASSETCATALOG_COMPILER_APPICON_NAME = AppIcon;
				INFOPLIST_FILE = Braintreetry/Info.plist;
				LD_RUNPATH_SEARCH_PATHS = "$(inherited) @executable_path/Frameworks";
				PRODUCT_NAME = "$(TARGET_NAME)";
			};
			name = Debug;
		};
		AD58258E1AA6886D002EB3F5 /* Release */ = {
			isa = XCBuildConfiguration;
			baseConfigurationReference = 044451088F6B024C5E4E4C64 /* Pods-Braintreetry.release.xcconfig */;
			buildSettings = {
				ASSETCATALOG_COMPILER_APPICON_NAME = AppIcon;
				INFOPLIST_FILE = Braintreetry/Info.plist;
				LD_RUNPATH_SEARCH_PATHS = "$(inherited) @executable_path/Frameworks";
				PRODUCT_NAME = "$(TARGET_NAME)";
			};
			name = Release;
		};
		AD5825901AA6886D002EB3F5 /* Debug */ = {
			isa = XCBuildConfiguration;
			buildSettings = {
				BUNDLE_LOADER = "$(TEST_HOST)";
				FRAMEWORK_SEARCH_PATHS = (
					"$(SDKROOT)/Developer/Library/Frameworks",
					"$(inherited)",
				);
				GCC_PREPROCESSOR_DEFINITIONS = (
					"DEBUG=1",
					"$(inherited)",
				);
				INFOPLIST_FILE = BraintreetryTests/Info.plist;
				LD_RUNPATH_SEARCH_PATHS = "$(inherited) @executable_path/Frameworks @loader_path/Frameworks";
				PRODUCT_NAME = "$(TARGET_NAME)";
				TEST_HOST = "$(BUILT_PRODUCTS_DIR)/Braintreetry.app/Braintreetry";
			};
			name = Debug;
		};
		AD5825911AA6886D002EB3F5 /* Release */ = {
			isa = XCBuildConfiguration;
			buildSettings = {
				BUNDLE_LOADER = "$(TEST_HOST)";
				FRAMEWORK_SEARCH_PATHS = (
					"$(SDKROOT)/Developer/Library/Frameworks",
					"$(inherited)",
				);
				INFOPLIST_FILE = BraintreetryTests/Info.plist;
				LD_RUNPATH_SEARCH_PATHS = "$(inherited) @executable_path/Frameworks @loader_path/Frameworks";
				PRODUCT_NAME = "$(TARGET_NAME)";
				TEST_HOST = "$(BUILT_PRODUCTS_DIR)/Braintreetry.app/Braintreetry";
			};
			name = Release;
		};
/* End XCBuildConfiguration section */

/* Begin XCConfigurationList section */
		AD5825641AA6886D002EB3F5 /* Build configuration list for PBXProject "Braintreetry" */ = {
			isa = XCConfigurationList;
			buildConfigurations = (
				AD58258A1AA6886D002EB3F5 /* Debug */,
				AD58258B1AA6886D002EB3F5 /* Release */,
			);
			defaultConfigurationIsVisible = 0;
			defaultConfigurationName = Release;
		};
		AD58258C1AA6886D002EB3F5 /* Build configuration list for PBXNativeTarget "Braintreetry" */ = {
			isa = XCConfigurationList;
			buildConfigurations = (
				AD58258D1AA6886D002EB3F5 /* Debug */,
				AD58258E1AA6886D002EB3F5 /* Release */,
			);
			defaultConfigurationIsVisible = 0;
			defaultConfigurationName = Release;
		};
		AD58258F1AA6886D002EB3F5 /* Build configuration list for PBXNativeTarget "BraintreetryTests" */ = {
			isa = XCConfigurationList;
			buildConfigurations = (
				AD5825901AA6886D002EB3F5 /* Debug */,
				AD5825911AA6886D002EB3F5 /* Release */,
			);
			defaultConfigurationIsVisible = 0;
			defaultConfigurationName = Release;
		};
/* End XCConfigurationList section */
	};
	rootObject = AD5825611AA6886D002EB3F5 /* Project object */;
}
