PODS:
  - AFNetworking (2.5.1):
    - AFNetworking/NSURLConnection (= 2.5.1)
    - AFNetworking/NSURLSession (= 2.5.1)
    - AFNetworking/Reachability (= 2.5.1)
    - AFNetworking/Security (= 2.5.1)
    - AFNetworking/Serialization (= 2.5.1)
    - AFNetworking/UIKit (= 2.5.1)
  - AFNetworking/NSURLConnection (2.5.1):
    - AFNetworking/Reachability
    - AFNetworking/Security
    - AFNetworking/Serialization
  - AFNetworking/NSURLSession (2.5.1):
    - AFNetworking/Reachability
    - AFNetworking/Security
    - AFNetworking/Serialization
  - AFNetworking/Reachability (2.5.1)
  - AFNetworking/Security (2.5.1)
  - AFNetworking/Serialization (2.5.1)
  - AFNetworking/UIKit (2.5.1):
    - AFNetworking/NSURLConnection
    - AFNetworking/NSURLSession
  - Braintree (3.7.0):
    - Braintree/API (= 3.7.0)
    - Braintree/Drop-In (= 3.7.0)
    - Braintree/Payments (= 3.7.0)
    - Braintree/PayPal (= 3.7.0)
    - Braintree/UI (= 3.7.0)
    - Braintree/Venmo (= 3.7.0)
  - Braintree/API (3.7.0)
  - Braintree/Drop-In (3.7.0):
    - Braintree/API
    - Braintree/Payments
    - Braintree/PayPal
    - Braintree/UI
    - Braintree/Venmo
  - Braintree/Payments (3.7.0):
    - Braintree/API
    - Braintree/PayPal
    - Braintree/Venmo
  - Braintree/PayPal (3.7.0):
    - Braintree/API
    - Braintree/UI
  - Braintree/UI (3.7.0):
    - Braintree/API
  - Braintree/Venmo (3.7.0):
    - Braintree/API

DEPENDENCIES:
  - AFNetworking
  - Braintree

SPEC CHECKSUMS:
  AFNetworking: 8bee59492a6ff15d69130efa4d0dc67e0094a52a
  Braintree: f65f0bb9c040ba91f66a63cf4190296d6530c276

COCOAPODS: 0.35.0
